
Microsoft Visual Studio Solution File, Format Version 12.00
# Visual Studio 15
VisualStudioVersion = 15.0.27428.2015
MinimumVisualStudioVersion = 10.0.40219.1
Project("{FAE04EC0-301F-11D3-BF4B-00C04F79EFBC}") = "CouchBaseStorageTests", "CouchBaseStorageTests\CouchBaseStorageTests.csproj", "{2E3DF5C2-8A38-4A03-86D7-8D463C917E47}"
EndProject
Project("{FAE04EC0-301F-11D3-BF4B-00C04F79EFBC}") = "TestGrains", "TestGrains\TestGrains.csproj", "{94CE7CC3-A0F9-41DC-AA26-C70339786718}"
EndProject
Project("{FAE04EC0-301F-11D3-BF4B-00C04F79EFBC}") = "Orleans.Persistence.CouchBase", "Orleans.Persistence.CouchBase\Orleans.Persistence.CouchBase.csproj", "{4ECD3EA4-C7C3-4867-B1D6-A23DE42C2FBF}"
EndProject
Global
	GlobalSection(SolutionConfigurationPlatforms) = preSolution
		Debug|Any CPU = Debug|Any CPU
		Release|Any CPU = Release|Any CPU
	EndGlobalSection
	GlobalSection(ProjectConfigurationPlatforms) = postSolution
		{2E3DF5C2-8A38-4A03-86D7-8D463C917E47}.Debug|Any CPU.ActiveCfg = Debug|Any CPU
		{2E3DF5C2-8A38-4A03-86D7-8D463C917E47}.Debug|Any CPU.Build.0 = Debug|Any CPU
		{2E3DF5C2-8A38-4A03-86D7-8D463C917E47}.Release|Any CPU.ActiveCfg = Release|Any CPU
		{2E3DF5C2-8A38-4A03-86D7-8D463C917E47}.Release|Any CPU.Build.0 = Release|Any CPU
		{94CE7CC3-A0F9-41DC-AA26-C70339786718}.Debug|Any CPU.ActiveCfg = Debug|Any CPU
		{94CE7CC3-A0F9-41DC-AA26-C70339786718}.Debug|Any CPU.Build.0 = Debug|Any CPU
		{94CE7CC3-A0F9-41DC-AA26-C70339786718}.Release|Any CPU.ActiveCfg = Release|Any CPU
		{94CE7CC3-A0F9-41DC-AA26-C70339786718}.Release|Any CPU.Build.0 = Release|Any CPU
		{4ECD3EA4-C7C3-4867-B1D6-A23DE42C2FBF}.Debug|Any CPU.ActiveCfg = Debug|Any CPU
		{4ECD3EA4-C7C3-4867-B1D6-A23DE42C2FBF}.Debug|Any CPU.Build.0 = Debug|Any CPU
		{4ECD3EA4-C7C3-4867-B1D6-A23DE42C2FBF}.Release|Any CPU.ActiveCfg = Release|Any CPU
		{4ECD3EA4-C7C3-4867-B1D6-A23DE42C2FBF}.Release|Any CPU.Build.0 = Release|Any CPU
	EndGlobalSection
	GlobalSection(SolutionProperties) = preSolution
		HideSolutionNode = FALSE
	EndGlobalSection
	GlobalSection(ExtensibilityGlobals) = postSolution
		SolutionGuid = {A5EEA6D0-1303-4F8E-8DC3-8419FB819571}
	EndGlobalSection
EndGlobal
